
Microsoft Visual Studio Solution File, Format Version 12.00
# Visual Studio Version 17
VisualStudioVersion = 17.3.32929.385
MinimumVisualStudioVersion = 10.0.40219.1
Project("{FAE04EC0-301F-11D3-BF4B-00C04F79EFBC}") = "fruitTrade", "fruitTrade\fruitTrade.csproj", "{B3A7B01F-6B9D-43E0-8471-B585A6E96468}"
EndProject
Project("{FAE04EC0-301F-11D3-BF4B-00C04F79EFBC}") = "iSpan.Utility", "iSpan.Utility\iSpan.Utility.csproj", "{E153CD8B-2E95-468E-BAF0-D8BFC65BD23E}"
EndProject
Global
	GlobalSection(SolutionConfigurationPlatforms) = preSolution
		Debug|Any CPU = Debug|Any CPU
		Release|Any CPU = Release|Any CPU
	EndGlobalSection
	GlobalSection(ProjectConfigurationPlatforms) = postSolution
		{B3A7B01F-6B9D-43E0-8471-B585A6E96468}.Debug|Any CPU.ActiveCfg = Debug|Any CPU
		{B3A7B01F-6B9D-43E0-8471-B585A6E96468}.Debug|Any CPU.Build.0 = Debug|Any CPU
		{B3A7B01F-6B9D-43E0-8471-B585A6E96468}.Release|Any CPU.ActiveCfg = Release|Any CPU
		{B3A7B01F-6B9D-43E0-8471-B585A6E96468}.Release|Any CPU.Build.0 = Release|Any CPU
		{E153CD8B-2E95-468E-BAF0-D8BFC65BD23E}.Debug|Any CPU.ActiveCfg = Debug|Any CPU
		{E153CD8B-2E95-468E-BAF0-D8BFC65BD23E}.Debug|Any CPU.Build.0 = Debug|Any CPU
		{E153CD8B-2E95-468E-BAF0-D8BFC65BD23E}.Release|Any CPU.ActiveCfg = Release|Any CPU
		{E153CD8B-2E95-468E-BAF0-D8BFC65BD23E}.Release|Any CPU.Build.0 = Release|Any CPU
	EndGlobalSection
	GlobalSection(SolutionProperties) = preSolution
		HideSolutionNode = FALSE
	EndGlobalSection
	GlobalSection(ExtensibilityGlobals) = postSolution
		SolutionGuid = {533B7171-5BFC-45CA-9BE5-1D029F6D537D}
	EndGlobalSection
EndGlobal
